
Microsoft Visual Studio Solution File, Format Version 10.00
# Visual Basic Express 2008
Project("{F184B08F-C81C-45F6-A57F-5ABD9991F28F}") = "MIS Tool", "MIS Tool\MIS Tool.vbproj", "{AAF1364A-FA7F-4A34-AFF4-AE0B5CF7D196}"
EndProject
Project("{F184B08F-C81C-45F6-A57F-5ABD9991F28F}") = "mistool_db", "..\mistool_db\mistool_db\mistool_db.vbproj", "{F4A86AD6-53DE-4B53-B9A9-500594379582}"
EndProject
Global
	GlobalSection(SolutionConfigurationPlatforms) = preSolution
		Debug|Any CPU = Debug|Any CPU
		Release|Any CPU = Release|Any CPU
	EndGlobalSection
	GlobalSection(ProjectConfigurationPlatforms) = postSolution
		{AAF1364A-FA7F-4A34-AFF4-AE0B5CF7D196}.Debug|Any CPU.ActiveCfg = Debug|Any CPU
		{AAF1364A-FA7F-4A34-AFF4-AE0B5CF7D196}.Debug|Any CPU.Build.0 = Debug|Any CPU
		{AAF1364A-FA7F-4A34-AFF4-AE0B5CF7D196}.Release|Any CPU.ActiveCfg = Release|Any CPU
		{AAF1364A-FA7F-4A34-AFF4-AE0B5CF7D196}.Release|Any CPU.Build.0 = Release|Any CPU
		{F4A86AD6-53DE-4B53-B9A9-500594379582}.Debug|Any CPU.ActiveCfg = Debug|Any CPU
		{F4A86AD6-53DE-4B53-B9A9-500594379582}.Debug|Any CPU.Build.0 = Debug|Any CPU
		{F4A86AD6-53DE-4B53-B9A9-500594379582}.Release|Any CPU.ActiveCfg = Release|Any CPU
		{F4A86AD6-53DE-4B53-B9A9-500594379582}.Release|Any CPU.Build.0 = Release|Any CPU
	EndGlobalSection
	GlobalSection(SolutionProperties) = preSolution
		HideSolutionNode = FALSE
	EndGlobalSection
EndGlobal
